// !$*UTF8*$!
{
	archiveVersion = 1;
	classes = {
	};
	objectVersion = 50;
	objects = {

/* Begin PBXBuildFile section */
		78944A080B5A0799760488FB /* Pods_Todoey.framework in Frameworks */ = {isa = PBXBuildFile; fileRef = 8E64CB8B0A3D0F165EAA6699 /* Pods_Todoey.framework */; };
		FE7A4DDD230AA61600B903DD /* AppDelegate.swift in Sources */ = {isa = PBXBuildFile; fileRef = FE7A4DDC230AA61600B903DD /* AppDelegate.swift */; };
		FE7A4DDF230AA61600B903DD /* TodoListViewController.swift in Sources */ = {isa = PBXBuildFile; fileRef = FE7A4DDE230AA61600B903DD /* TodoListViewController.swift */; };
		FE7A4DE2230AA61600B903DD /* Main.storyboard in Resources */ = {isa = PBXBuildFile; fileRef = FE7A4DE0230AA61600B903DD /* Main.storyboard */; };
		FE7A4DE4230AA61700B903DD /* Assets.xcassets in Resources */ = {isa = PBXBuildFile; fileRef = FE7A4DE3230AA61700B903DD /* Assets.xcassets */; };
		FE7A4DE7230AA61700B903DD /* LaunchScreen.storyboard in Resources */ = {isa = PBXBuildFile; fileRef = FE7A4DE5230AA61700B903DD /* LaunchScreen.storyboard */; };
		FE951F322318168D00DCCE09 /* CategoryViewController.swift in Sources */ = {isa = PBXBuildFile; fileRef = FE951F312318168D00DCCE09 /* CategoryViewController.swift */; };
		FEF51EAA2316B22C0010E86B /* DataModel.xcdatamodeld in Sources */ = {isa = PBXBuildFile; fileRef = FEF51EA82316B22C0010E86B /* DataModel.xcdatamodeld */; };
/* End PBXBuildFile section */

/* Begin PBXFileReference section */
		4BF631B7BC0BCF847009EB3C /* Pods-Todoey.release.xcconfig */ = {isa = PBXFileReference; includeInIndex = 1; lastKnownFileType = text.xcconfig; name = "Pods-Todoey.release.xcconfig"; path = "Target Support Files/Pods-Todoey/Pods-Todoey.release.xcconfig"; sourceTree = "<group>"; };
		8E64CB8B0A3D0F165EAA6699 /* Pods_Todoey.framework */ = {isa = PBXFileReference; explicitFileType = wrapper.framework; includeInIndex = 0; path = Pods_Todoey.framework; sourceTree = BUILT_PRODUCTS_DIR; };
		EC57532F694A618C299A8273 /* Pods-Todoey.debug.xcconfig */ = {isa = PBXFileReference; includeInIndex = 1; lastKnownFileType = text.xcconfig; name = "Pods-Todoey.debug.xcconfig"; path = "Target Support Files/Pods-Todoey/Pods-Todoey.debug.xcconfig"; sourceTree = "<group>"; };
		FE7A4DD9230AA61600B903DD /* Todoey.app */ = {isa = PBXFileReference; explicitFileType = wrapper.application; includeInIndex = 0; path = Todoey.app; sourceTree = BUILT_PRODUCTS_DIR; };
		FE7A4DDC230AA61600B903DD /* AppDelegate.swift */ = {isa = PBXFileReference; lastKnownFileType = sourcecode.swift; path = AppDelegate.swift; sourceTree = "<group>"; };
		FE7A4DDE230AA61600B903DD /* TodoListViewController.swift */ = {isa = PBXFileReference; lastKnownFileType = sourcecode.swift; path = TodoListViewController.swift; sourceTree = "<group>"; };
		FE7A4DE1230AA61600B903DD /* Base */ = {isa = PBXFileReference; lastKnownFileType = file.storyboard; name = Base; path = Base.lproj/Main.storyboard; sourceTree = "<group>"; };
		FE7A4DE3230AA61700B903DD /* Assets.xcassets */ = {isa = PBXFileReference; lastKnownFileType = folder.assetcatalog; path = Assets.xcassets; sourceTree = "<group>"; };
		FE7A4DE6230AA61700B903DD /* Base */ = {isa = PBXFileReference; lastKnownFileType = file.storyboard; name = Base; path = Base.lproj/LaunchScreen.storyboard; sourceTree = "<group>"; };
		FE7A4DE8230AA61700B903DD /* Info.plist */ = {isa = PBXFileReference; lastKnownFileType = text.plist.xml; path = Info.plist; sourceTree = "<group>"; };
		FE951F312318168D00DCCE09 /* CategoryViewController.swift */ = {isa = PBXFileReference; lastKnownFileType = sourcecode.swift; name = CategoryViewController.swift; path = Todoey/Controllers/CategoryViewController.swift; sourceTree = SOURCE_ROOT; };
		FEF51EA92316B22C0010E86B /* DataModel.xcdatamodel */ = {isa = PBXFileReference; lastKnownFileType = wrapper.xcdatamodel; path = DataModel.xcdatamodel; sourceTree = "<group>"; };
/* End PBXFileReference section */

/* Begin PBXFrameworksBuildPhase section */
		FE7A4DD6230AA61600B903DD /* Frameworks */ = {
			isa = PBXFrameworksBuildPhase;
			buildActionMask = 2147483647;
			files = (
				78944A080B5A0799760488FB /* Pods_Todoey.framework in Frameworks */,
			);
			runOnlyForDeploymentPostprocessing = 0;
		};
/* End PBXFrameworksBuildPhase section */

/* Begin PBXGroup section */
		9BD8EBBB2132A67664A3A4E7 /* Frameworks */ = {
			isa = PBXGroup;
			children = (
				8E64CB8B0A3D0F165EAA6699 /* Pods_Todoey.framework */,
			);
			name = Frameworks;
			sourceTree = "<group>";
		};
		C255E54F3D50F21B10A86053 /* Pods */ = {
			isa = PBXGroup;
			children = (
				EC57532F694A618C299A8273 /* Pods-Todoey.debug.xcconfig */,
				4BF631B7BC0BCF847009EB3C /* Pods-Todoey.release.xcconfig */,
			);
			name = Pods;
			path = Pods;
			sourceTree = "<group>";
		};
		FE61F939230EA9610023829F /* Data Model */ = {
			isa = PBXGroup;
			children = (
				FEF51EA82316B22C0010E86B /* DataModel.xcdatamodeld */,
			);
			path = "Data Model";
			sourceTree = "<group>";
		};
		FE61F93A230EA97B0023829F /* Controllers */ = {
			isa = PBXGroup;
			children = (
				FE951F312318168D00DCCE09 /* CategoryViewController.swift */,
				FE7A4DDE230AA61600B903DD /* TodoListViewController.swift */,
			);
			path = Controllers;
			sourceTree = "<group>";
		};
		FE61F93B230EA9A20023829F /* Views */ = {
			isa = PBXGroup;
			children = (
				FE7A4DE0230AA61600B903DD /* Main.storyboard */,
			);
			path = Views;
			sourceTree = "<group>";
		};
		FE61F93C230EA9E20023829F /* Supporting Files */ = {
			isa = PBXGroup;
			children = (
				FE7A4DE3230AA61700B903DD /* Assets.xcassets */,
				FE7A4DE5230AA61700B903DD /* LaunchScreen.storyboard */,
			);
			path = "Supporting Files";
			sourceTree = "<group>";
		};
		FE7A4DD0230AA61600B903DD = {
			isa = PBXGroup;
			children = (
				FE7A4DDB230AA61600B903DD /* Todoey */,
				FE7A4DDA230AA61600B903DD /* Products */,
				C255E54F3D50F21B10A86053 /* Pods */,
				9BD8EBBB2132A67664A3A4E7 /* Frameworks */,
			);
			sourceTree = "<group>";
		};
		FE7A4DDA230AA61600B903DD /* Products */ = {
			isa = PBXGroup;
			children = (
				FE7A4DD9230AA61600B903DD /* Todoey.app */,
			);
			name = Products;
			sourceTree = "<group>";
		};
		FE7A4DDB230AA61600B903DD /* Todoey */ = {
			isa = PBXGroup;
			children = (
				FE61F93C230EA9E20023829F /* Supporting Files */,
				FE7A4DDC230AA61600B903DD /* AppDelegate.swift */,
				FE61F93B230EA9A20023829F /* Views */,
				FE61F939230EA9610023829F /* Data Model */,
				FE61F93A230EA97B0023829F /* Controllers */,
				FE7A4DE8230AA61700B903DD /* Info.plist */,
			);
			path = Todoey;
			sourceTree = "<group>";
		};
/* End PBXGroup section */

/* Begin PBXNativeTarget section */
		FE7A4DD8230AA61600B903DD /* Todoey */ = {
			isa = PBXNativeTarget;
			buildConfigurationList = FE7A4DEB230AA61800B903DD /* Build configuration list for PBXNativeTarget "Todoey" */;
			buildPhases = (
				98882CD62E09FEF681705F45 /* [CP] Check Pods Manifest.lock */,
				FE7A4DD5230AA61600B903DD /* Sources */,
				FE7A4DD6230AA61600B903DD /* Frameworks */,
				FE7A4DD7230AA61600B903DD /* Resources */,
				5B4BDF3B1C624DBBE4E99674 /* [CP] Embed Pods Frameworks */,
			);
			buildRules = (
			);
			dependencies = (
			);
			name = Todoey;
			productName = Todoey;
			productReference = FE7A4DD9230AA61600B903DD /* Todoey.app */;
			productType = "com.apple.product-type.application";
		};
/* End PBXNativeTarget section */

/* Begin PBXProject section */
		FE7A4DD1230AA61600B903DD /* Project object */ = {
			isa = PBXProject;
			attributes = {
				LastSwiftUpdateCheck = 1030;
				LastUpgradeCheck = 1030;
				ORGANIZATIONNAME = "Joseph Kempster";
				TargetAttributes = {
					FE7A4DD8230AA61600B903DD = {
						CreatedOnToolsVersion = 10.3;
					};
				};
			};
			buildConfigurationList = FE7A4DD4230AA61600B903DD /* Build configuration list for PBXProject "Todoey" */;
			compatibilityVersion = "Xcode 9.3";
			developmentRegion = en;
			hasScannedForEncodings = 0;
			knownRegions = (
				en,
				Base,
			);
			mainGroup = FE7A4DD0230AA61600B903DD;
			productRefGroup = FE7A4DDA230AA61600B903DD /* Products */;
			projectDirPath = "";
			projectRoot = "";
			targets = (
				FE7A4DD8230AA61600B903DD /* Todoey */,
			);
		};
/* End PBXProject section */

/* Begin PBXResourcesBuildPhase section */
		FE7A4DD7230AA61600B903DD /* Resources */ = {
			isa = PBXResourcesBuildPhase;
			buildActionMask = 2147483647;
			files = (
				FE7A4DE7230AA61700B903DD /* LaunchScreen.storyboard in Resources */,
				FE7A4DE4230AA61700B903DD /* Assets.xcassets in Resources */,
				FE7A4DE2230AA61600B903DD /* Main.storyboard in Resources */,
			);
			runOnlyForDeploymentPostprocessing = 0;
		};
/* End PBXResourcesBuildPhase section */

/* Begin PBXShellScriptBuildPhase section */
		5B4BDF3B1C624DBBE4E99674 /* [CP] Embed Pods Frameworks */ = {
			isa = PBXShellScriptBuildPhase;
			buildActionMask = 2147483647;
			files = (
			);
			inputFileListPaths = (
				"${PODS_ROOT}/Target Support Files/Pods-Todoey/Pods-Todoey-frameworks-${CONFIGURATION}-input-files.xcfilelist",
			);
			name = "[CP] Embed Pods Frameworks";
			outputFileListPaths = (
				"${PODS_ROOT}/Target Support Files/Pods-Todoey/Pods-Todoey-frameworks-${CONFIGURATION}-output-files.xcfilelist",
			);
			runOnlyForDeploymentPostprocessing = 0;
			shellPath = /bin/sh;
			shellScript = "\"${PODS_ROOT}/Target Support Files/Pods-Todoey/Pods-Todoey-frameworks.sh\"\n";
			showEnvVarsInLog = 0;
		};
		98882CD62E09FEF681705F45 /* [CP] Check Pods Manifest.lock */ = {
			isa = PBXShellScriptBuildPhase;
			buildActionMask = 2147483647;
			files = (
			);
			inputFileListPaths = (
			);
			inputPaths = (
				"${PODS_PODFILE_DIR_PATH}/Podfile.lock",
				"${PODS_ROOT}/Manifest.lock",
			);
			name = "[CP] Check Pods Manifest.lock";
			outputFileListPaths = (
			);
			outputPaths = (
				"$(DERIVED_FILE_DIR)/Pods-Todoey-checkManifestLockResult.txt",
			);
			runOnlyForDeploymentPostprocessing = 0;
			shellPath = /bin/sh;
			shellScript = "diff \"${PODS_PODFILE_DIR_PATH}/Podfile.lock\" \"${PODS_ROOT}/Manifest.lock\" > /dev/null\nif [ $? != 0 ] ; then\n    # print error to STDERR\n    echo \"error: The sandbox is not in sync with the Podfile.lock. Run 'pod install' or update your CocoaPods installation.\" >&2\n    exit 1\nfi\n# This output is used by Xcode 'outputs' to avoid re-running this script phase.\necho \"SUCCESS\" > \"${SCRIPT_OUTPUT_FILE_0}\"\n";
			showEnvVarsInLog = 0;
		};
/* End PBXShellScriptBuildPhase section */

/* Begin PBXSourcesBuildPhase section */
		FE7A4DD5230AA61600B903DD /* Sources */ = {
			isa = PBXSourcesBuildPhase;
			buildActionMask = 2147483647;
			files = (
				FE951F322318168D00DCCE09 /* CategoryViewController.swift in Sources */,
				FE7A4DDF230AA61600B903DD /* TodoListViewController.swift in Sources */,
				FEF51EAA2316B22C0010E86B /* DataModel.xcdatamodeld in Sources */,
				FE7A4DDD230AA61600B903DD /* AppDelegate.swift in Sources */,
			);
			runOnlyForDeploymentPostprocessing = 0;
		};
/* End PBXSourcesBuildPhase section */

/* Begin PBXVariantGroup section */
		FE7A4DE0230AA61600B903DD /* Main.storyboard */ = {
			isa = PBXVariantGroup;
			children = (
				FE7A4DE1230AA61600B903DD /* Base */,
			);
			name = Main.storyboard;
			sourceTree = "<group>";
		};
		FE7A4DE5230AA61700B903DD /* LaunchScreen.storyboard */ = {
			isa = PBXVariantGroup;
			children = (
				FE7A4DE6230AA61700B903DD /* Base */,
			);
			name = LaunchScreen.storyboard;
			sourceTree = "<group>";
		};
/* End PBXVariantGroup section */

/* Begin XCBuildConfiguration section */
		FE7A4DE9230AA61800B903DD /* Debug */ = {
			isa = XCBuildConfiguration;
			buildSettings = {
				ALWAYS_SEARCH_USER_PATHS = NO;
				CLANG_ANALYZER_NONNULL = YES;
				CLANG_ANALYZER_NUMBER_OBJECT_CONVERSION = YES_AGGRESSIVE;
				CLANG_CXX_LANGUAGE_STANDARD = "gnu++14";
				CLANG_CXX_LIBRARY = "libc++";
				CLANG_ENABLE_MODULES = YES;
				CLANG_ENABLE_OBJC_ARC = YES;
				CLANG_ENABLE_OBJC_WEAK = YES;
				CLANG_WARN_BLOCK_CAPTURE_AUTORELEASING = YES;
				CLANG_WARN_BOOL_CONVERSION = YES;
				CLANG_WARN_COMMA = YES;
				CLANG_WARN_CONSTANT_CONVERSION = YES;
				CLANG_WARN_DEPRECATED_OBJC_IMPLEMENTATIONS = YES;
				CLANG_WARN_DIRECT_OBJC_ISA_USAGE = YES_ERROR;
				CLANG_WARN_DOCUMENTATION_COMMENTS = YES;
				CLANG_WARN_EMPTY_BODY = YES;
				CLANG_WARN_ENUM_CONVERSION = YES;
				CLANG_WARN_INFINITE_RECURSION = YES;
				CLANG_WARN_INT_CONVERSION = YES;
				CLANG_WARN_NON_LITERAL_NULL_CONVERSION = YES;
				CLANG_WARN_OBJC_IMPLICIT_RETAIN_SELF = YES;
				CLANG_WARN_OBJC_LITERAL_CONVERSION = YES;
				CLANG_WARN_OBJC_ROOT_CLASS = YES_ERROR;
				CLANG_WARN_RANGE_LOOP_ANALYSIS = YES;
				CLANG_WARN_STRICT_PROTOTYPES = YES;
				CLANG_WARN_SUSPICIOUS_MOVE = YES;
				CLANG_WARN_UNGUARDED_AVAILABILITY = YES_AGGRESSIVE;
				CLANG_WARN_UNREACHABLE_CODE = YES;
				CLANG_WARN__DUPLICATE_METHOD_MATCH = YES;
				CODE_SIGN_IDENTITY = "iPhone Developer";
				COPY_PHASE_STRIP = NO;
				DEBUG_INFORMATION_FORMAT = dwarf;
				ENABLE_STRICT_OBJC_MSGSEND = YES;
				ENABLE_TESTABILITY = YES;
				GCC_C_LANGUAGE_STANDARD = gnu11;
				GCC_DYNAMIC_NO_PIC = NO;
				GCC_NO_COMMON_BLOCKS = YES;
				GCC_OPTIMIZATION_LEVEL = 0;
				GCC_PREPROCESSOR_DEFINITIONS = (
					"DEBUG=1",
					"$(inherited)",
				);
				GCC_WARN_64_TO_32_BIT_CONVERSION = YES;
				GCC_WARN_ABOUT_RETURN_TYPE = YES_ERROR;
				GCC_WARN_UNDECLARED_SELECTOR = YES;
				GCC_WARN_UNINITIALIZED_AUTOS = YES_AGGRESSIVE;
				GCC_WARN_UNUSED_FUNCTION = YES;
				GCC_WARN_UNUSED_VARIABLE = YES;
				IPHONEOS_DEPLOYMENT_TARGET = 12.4;
				MTL_ENABLE_DEBUG_INFO = INCLUDE_SOURCE;
				MTL_FAST_MATH = YES;
				ONLY_ACTIVE_ARCH = YES;
				SDKROOT = iphoneos;
				SWIFT_ACTIVE_COMPILATION_CONDITIONS = DEBUG;
				SWIFT_OPTIMIZATION_LEVEL = "-Onone";
			};
			name = Debug;
		};
		FE7A4DEA230AA61800B903DD /* Release */ = {
			isa = XCBuildConfiguration;
			buildSettings = {
				ALWAYS_SEARCH_USER_PATHS = NO;
				CLANG_ANALYZER_NONNULL = YES;
				CLANG_ANALYZER_NUMBER_OBJECT_CONVERSION = YES_AGGRESSIVE;
				CLANG_CXX_LANGUAGE_STANDARD = "gnu++14";
				CLANG_CXX_LIBRARY = "libc++";
				CLANG_ENABLE_MODULES = YES;
				CLANG_ENABLE_OBJC_ARC = YES;
				CLANG_ENABLE_OBJC_WEAK = YES;
				CLANG_WARN_BLOCK_CAPTURE_AUTORELEASING = YES;
				CLANG_WARN_BOOL_CONVERSION = YES;
				CLANG_WARN_COMMA = YES;
				CLANG_WARN_CONSTANT_CONVERSION = YES;
				CLANG_WARN_DEPRECATED_OBJC_IMPLEMENTATIONS = YES;
				CLANG_WARN_DIRECT_OBJC_ISA_USAGE = YES_ERROR;
				CLANG_WARN_DOCUMENTATION_COMMENTS = YES;
				CLANG_WARN_EMPTY_BODY = YES;
				CLANG_WARN_ENUM_CONVERSION = YES;
				CLANG_WARN_INFINITE_RECURSION = YES;
				CLANG_WARN_INT_CONVERSION = YES;
				CLANG_WARN_NON_LITERAL_NULL_CONVERSION = YES;
				CLANG_WARN_OBJC_IMPLICIT_RETAIN_SELF = YES;
				CLANG_WARN_OBJC_LITERAL_CONVERSION = YES;
				CLANG_WARN_OBJC_ROOT_CLASS = YES_ERROR;
				CLANG_WARN_RANGE_LOOP_ANALYSIS = YES;
				CLANG_WARN_STRICT_PROTOTYPES = YES;
				CLANG_WARN_SUSPICIOUS_MOVE = YES;
				CLANG_WARN_UNGUARDED_AVAILABILITY = YES_AGGRESSIVE;
				CLANG_WARN_UNREACHABLE_CODE = YES;
				CLANG_WARN__DUPLICATE_METHOD_MATCH = YES;
				CODE_SIGN_IDENTITY = "iPhone Developer";
				COPY_PHASE_STRIP = NO;
				DEBUG_INFORMATION_FORMAT = "dwarf-with-dsym";
				ENABLE_NS_ASSERTIONS = NO;
				ENABLE_STRICT_OBJC_MSGSEND = YES;
				GCC_C_LANGUAGE_STANDARD = gnu11;
				GCC_NO_COMMON_BLOCKS = YES;
				GCC_WARN_64_TO_32_BIT_CONVERSION = YES;
				GCC_WARN_ABOUT_RETURN_TYPE = YES_ERROR;
				GCC_WARN_UNDECLARED_SELECTOR = YES;
				GCC_WARN_UNINITIALIZED_AUTOS = YES_AGGRESSIVE;
				GCC_WARN_UNUSED_FUNCTION = YES;
				GCC_WARN_UNUSED_VARIABLE = YES;
				IPHONEOS_DEPLOYMENT_TARGET = 12.4;
				MTL_ENABLE_DEBUG_INFO = NO;
				MTL_FAST_MATH = YES;
				SDKROOT = iphoneos;
				SWIFT_COMPILATION_MODE = wholemodule;
				SWIFT_OPTIMIZATION_LEVEL = "-O";
				VALIDATE_PRODUCT = YES;
			};
			name = Release;
		};
		FE7A4DEC230AA61800B903DD /* Debug */ = {
			isa = XCBuildConfiguration;
			baseConfigurationReference = EC57532F694A618C299A8273 /* Pods-Todoey.debug.xcconfig */;
			buildSettings = {
				ASSETCATALOG_COMPILER_APPICON_NAME = AppIcon;
				CODE_SIGN_STYLE = Automatic;
				INFOPLIST_FILE = Todoey/Info.plist;
				LD_RUNPATH_SEARCH_PATHS = (
					"$(inherited)",
					"@executable_path/Frameworks",
				);
				PRODUCT_BUNDLE_IDENTIFIER = com.josephkempster.Todoey;
				PRODUCT_NAME = "$(TARGET_NAME)";
				SWIFT_VERSION = 5.0;
				TARGETED_DEVICE_FAMILY = "1,2";
			};
			name = Debug;
		};
		FE7A4DED230AA61800B903DD /* Release */ = {
			isa = XCBuildConfiguration;
			baseConfigurationReference = 4BF631B7BC0BCF847009EB3C /* Pods-Todoey.release.xcconfig */;
			buildSettings = {
				ASSETCATALOG_COMPILER_APPICON_NAME = AppIcon;
				CODE_SIGN_STYLE = Automatic;
				INFOPLIST_FILE = Todoey/Info.plist;
				LD_RUNPATH_SEARCH_PATHS = (
					"$(inherited)",
					"@executable_path/Frameworks",
				);
				PRODUCT_BUNDLE_IDENTIFIER = com.josephkempster.Todoey;
				PRODUCT_NAME = "$(TARGET_NAME)";
				SWIFT_VERSION = 5.0;
				TARGETED_DEVICE_FAMILY = "1,2";
			};
			name = Release;
		};
/* End XCBuildConfiguration section */

/* Begin XCConfigurationList section */
		FE7A4DD4230AA61600B903DD /* Build configuration list for PBXProject "Todoey" */ = {
			isa = XCConfigurationList;
			buildConfigurations = (
				FE7A4DE9230AA61800B903DD /* Debug */,
				FE7A4DEA230AA61800B903DD /* Release */,
			);
			defaultConfigurationIsVisible = 0;
			defaultConfigurationName = Release;
		};
		FE7A4DEB230AA61800B903DD /* Build configuration list for PBXNativeTarget "Todoey" */ = {
			isa = XCConfigurationList;
			buildConfigurations = (
				FE7A4DEC230AA61800B903DD /* Debug */,
				FE7A4DED230AA61800B903DD /* Release */,
			);
			defaultConfigurationIsVisible = 0;
			defaultConfigurationName = Release;
		};
/* End XCConfigurationList section */

/* Begin XCVersionGroup section */
		FEF51EA82316B22C0010E86B /* DataModel.xcdatamodeld */ = {
			isa = XCVersionGroup;
			children = (
				FEF51EA92316B22C0010E86B /* DataModel.xcdatamodel */,
			);
			currentVersion = FEF51EA92316B22C0010E86B /* DataModel.xcdatamodel */;
			path = DataModel.xcdatamodeld;
			sourceTree = "<group>";
			versionGroupType = wrapper.xcdatamodel;
		};
/* End XCVersionGroup section */
	};
	rootObject = FE7A4DD1230AA61600B903DD /* Project object */;
}
